
Microsoft Visual Studio Solution File, Format Version 12.00
# Visual Studio 15
VisualStudioVersion = 15.0.28010.2036
MinimumVisualStudioVersion = 10.0.40219.1
Project("{8BC9CEB8-8B4A-11D0-8D11-00A0C91BC942}") = "Lab", "Lab\Lab.vcxproj", "{EC45133F-00BF-4444-B700-E014FC873569}"
EndProject
Global
	GlobalSection(SolutionConfigurationPlatforms) = preSolution
		Debug|x64 = Debug|x64
		Debug|x86 = Debug|x86
		Release|x64 = Release|x64
		Release|x86 = Release|x86
	EndGlobalSection
	GlobalSection(ProjectConfigurationPlatforms) = postSolution
		{EC45133F-00BF-4444-B700-E014FC873569}.Debug|x64.ActiveCfg = Debug|x64
		{EC45133F-00BF-4444-B700-E014FC873569}.Debug|x64.Build.0 = Debug|x64
		{EC45133F-00BF-4444-B700-E014FC873569}.Debug|x86.ActiveCfg = Debug|Win32
		{EC45133F-00BF-4444-B700-E014FC873569}.Debug|x86.Build.0 = Debug|Win32
		{EC45133F-00BF-4444-B700-E014FC873569}.Release|x64.ActiveCfg = Release|x64
		{EC45133F-00BF-4444-B700-E014FC873569}.Release|x64.Build.0 = Release|x64
		{EC45133F-00BF-4444-B700-E014FC873569}.Release|x86.ActiveCfg = Release|Win32
		{EC45133F-00BF-4444-B700-E014FC873569}.Release|x86.Build.0 = Release|Win32
	EndGlobalSection
	GlobalSection(SolutionProperties) = preSolution
		HideSolutionNode = FALSE
	EndGlobalSection
	GlobalSection(ExtensibilityGlobals) = postSolution
		SolutionGuid = {C72B3CE8-E8FB-47E3-820B-1E750A7D668A}
	EndGlobalSection
EndGlobal
